
Microsoft Visual Studio Solution File, Format Version 12.00
# Visual Studio Version 17
VisualStudioVersion = 17.0.32014.148
MinimumVisualStudioVersion = 10.0.40219.1
Project("{9A19103F-16F7-4668-BE54-9A1E7A4F7556}") = "Week8.Presentation", "Week8.EsercizioMaster\Week8.Presentation.csproj", "{9B103BA3-BDD9-4B80-B9CB-261C7CCFE60A}"
EndProject
Project("{9A19103F-16F7-4668-BE54-9A1E7A4F7556}") = "Week8.Core", "Week8.Core\Week8.Core.csproj", "{740F3A62-240B-488D-A136-A384A8A62AE1}"
EndProject
Project("{9A19103F-16F7-4668-BE54-9A1E7A4F7556}") = "Week8.RepositoryMock", "Week8.RepositoryMook\Week8.RepositoryMock.csproj", "{ECC6406B-1568-42CF-A046-3C534FC0B4DE}"
EndProject
Project("{FAE04EC0-301F-11D3-BF4B-00C04F79EFBC}") = "Week8.RepositoryEntityFramework", "Week8.RepositoryEntityFramework\Week8.RepositoryEntityFramework.csproj", "{D4170743-953F-4145-8DA5-89A3AC332E92}"
EndProject
Global
	GlobalSection(SolutionConfigurationPlatforms) = preSolution
		Debug|Any CPU = Debug|Any CPU
		Release|Any CPU = Release|Any CPU
	EndGlobalSection
	GlobalSection(ProjectConfigurationPlatforms) = postSolution
		{9B103BA3-BDD9-4B80-B9CB-261C7CCFE60A}.Debug|Any CPU.ActiveCfg = Debug|Any CPU
		{9B103BA3-BDD9-4B80-B9CB-261C7CCFE60A}.Debug|Any CPU.Build.0 = Debug|Any CPU
		{9B103BA3-BDD9-4B80-B9CB-261C7CCFE60A}.Release|Any CPU.ActiveCfg = Release|Any CPU
		{9B103BA3-BDD9-4B80-B9CB-261C7CCFE60A}.Release|Any CPU.Build.0 = Release|Any CPU
		{740F3A62-240B-488D-A136-A384A8A62AE1}.Debug|Any CPU.ActiveCfg = Debug|Any CPU
		{740F3A62-240B-488D-A136-A384A8A62AE1}.Debug|Any CPU.Build.0 = Debug|Any CPU
		{740F3A62-240B-488D-A136-A384A8A62AE1}.Release|Any CPU.ActiveCfg = Release|Any CPU
		{740F3A62-240B-488D-A136-A384A8A62AE1}.Release|Any CPU.Build.0 = Release|Any CPU
		{ECC6406B-1568-42CF-A046-3C534FC0B4DE}.Debug|Any CPU.ActiveCfg = Debug|Any CPU
		{ECC6406B-1568-42CF-A046-3C534FC0B4DE}.Debug|Any CPU.Build.0 = Debug|Any CPU
		{ECC6406B-1568-42CF-A046-3C534FC0B4DE}.Release|Any CPU.ActiveCfg = Release|Any CPU
		{ECC6406B-1568-42CF-A046-3C534FC0B4DE}.Release|Any CPU.Build.0 = Release|Any CPU
		{D4170743-953F-4145-8DA5-89A3AC332E92}.Debug|Any CPU.ActiveCfg = Debug|Any CPU
		{D4170743-953F-4145-8DA5-89A3AC332E92}.Debug|Any CPU.Build.0 = Debug|Any CPU
		{D4170743-953F-4145-8DA5-89A3AC332E92}.Release|Any CPU.ActiveCfg = Release|Any CPU
		{D4170743-953F-4145-8DA5-89A3AC332E92}.Release|Any CPU.Build.0 = Release|Any CPU
	EndGlobalSection
	GlobalSection(SolutionProperties) = preSolution
		HideSolutionNode = FALSE
	EndGlobalSection
	GlobalSection(ExtensibilityGlobals) = postSolution
		SolutionGuid = {5166F3E7-5822-46D0-9C7F-C71E94E8E651}
	EndGlobalSection
EndGlobal
